
Microsoft Visual Studio Solution File, Format Version 12.00
# Visual Studio Version 16
VisualStudioVersion = 16.0.31624.102
MinimumVisualStudioVersion = 10.0.40219.1
Project("{FAE04EC0-301F-11D3-BF4B-00C04F79EFBC}") = "Assignment 5 Part 2", "Assignment 5 Part 2\Assignment 5 Part 2.csproj", "{7BD025A3-035A-449B-AFF5-19E167873632}"
EndProject
Global
	GlobalSection(SolutionConfigurationPlatforms) = preSolution
		Debug|Any CPU = Debug|Any CPU
		Release|Any CPU = Release|Any CPU
	EndGlobalSection
	GlobalSection(ProjectConfigurationPlatforms) = postSolution
		{7BD025A3-035A-449B-AFF5-19E167873632}.Debug|Any CPU.ActiveCfg = Debug|Any CPU
		{7BD025A3-035A-449B-AFF5-19E167873632}.Debug|Any CPU.Build.0 = Debug|Any CPU
		{7BD025A3-035A-449B-AFF5-19E167873632}.Release|Any CPU.ActiveCfg = Release|Any CPU
		{7BD025A3-035A-449B-AFF5-19E167873632}.Release|Any CPU.Build.0 = Release|Any CPU
	EndGlobalSection
	GlobalSection(SolutionProperties) = preSolution
		HideSolutionNode = FALSE
	EndGlobalSection
	GlobalSection(ExtensibilityGlobals) = postSolution
		SolutionGuid = {27BF2F2F-7B0C-4684-A277-2222E0473A33}
	EndGlobalSection
EndGlobal
